
Microsoft Visual Studio Solution File, Format Version 12.00
# Visual Studio 15
VisualStudioVersion = 15.0.26228.9
MinimumVisualStudioVersion = 10.0.40219.1
Project("{FAE04EC0-301F-11D3-BF4B-00C04F79EFBC}") = "iuiuapplication.Android", "iuiuapplication\iuiuapplication.Android\iuiuapplication.Android.csproj", "{2EC5690D-9B6B-4CEE-8EDB-FF42FC93B4A1}"
EndProject
Project("{FAE04EC0-301F-11D3-BF4B-00C04F79EFBC}") = "iuiuapplication", "iuiuapplication\iuiuapplication\iuiuapplication.csproj", "{F11785D5-E20A-4666-A942-61EACB74B548}"
EndProject
Project("{FAE04EC0-301F-11D3-BF4B-00C04F79EFBC}") = "iuiuapplication.iOS", "iuiuapplication\iuiuapplication.iOS\iuiuapplication.iOS.csproj", "{054EB68A-88DF-4D2F-A433-59EB1E2F1DEF}"
EndProject
Project("{FAE04EC0-301F-11D3-BF4B-00C04F79EFBC}") = "UnitTestApp1", "UnitTestApp1\UnitTestApp1.csproj", "{1240574C-DBED-4C43-9500-B52E89B25D48}"
EndProject
Global
	GlobalSection(SolutionConfigurationPlatforms) = preSolution
		Ad-Hoc|Any CPU = Ad-Hoc|Any CPU
		Ad-Hoc|iPhone = Ad-Hoc|iPhone
		Ad-Hoc|iPhoneSimulator = Ad-Hoc|iPhoneSimulator
		AppStore|Any CPU = AppStore|Any CPU
		AppStore|iPhone = AppStore|iPhone
		AppStore|iPhoneSimulator = AppStore|iPhoneSimulator
		Debug|Any CPU = Debug|Any CPU
		Debug|iPhone = Debug|iPhone
		Debug|iPhoneSimulator = Debug|iPhoneSimulator
		Release|Any CPU = Release|Any CPU
		Release|iPhone = Release|iPhone
		Release|iPhoneSimulator = Release|iPhoneSimulator
	EndGlobalSection
	GlobalSection(ProjectConfigurationPlatforms) = postSolution
		{2EC5690D-9B6B-4CEE-8EDB-FF42FC93B4A1}.Ad-Hoc|Any CPU.ActiveCfg = Release|Any CPU
		{2EC5690D-9B6B-4CEE-8EDB-FF42FC93B4A1}.Ad-Hoc|Any CPU.Build.0 = Release|Any CPU
		{2EC5690D-9B6B-4CEE-8EDB-FF42FC93B4A1}.Ad-Hoc|Any CPU.Deploy.0 = Release|Any CPU
		{2EC5690D-9B6B-4CEE-8EDB-FF42FC93B4A1}.Ad-Hoc|iPhone.ActiveCfg = Release|Any CPU
		{2EC5690D-9B6B-4CEE-8EDB-FF42FC93B4A1}.Ad-Hoc|iPhone.Build.0 = Release|Any CPU
		{2EC5690D-9B6B-4CEE-8EDB-FF42FC93B4A1}.Ad-Hoc|iPhone.Deploy.0 = Release|Any CPU
		{2EC5690D-9B6B-4CEE-8EDB-FF42FC93B4A1}.Ad-Hoc|iPhoneSimulator.ActiveCfg = Release|Any CPU
		{2EC5690D-9B6B-4CEE-8EDB-FF42FC93B4A1}.Ad-Hoc|iPhoneSimulator.Build.0 = Release|Any CPU
		{2EC5690D-9B6B-4CEE-8EDB-FF42FC93B4A1}.Ad-Hoc|iPhoneSimulator.Deploy.0 = Release|Any CPU
		{2EC5690D-9B6B-4CEE-8EDB-FF42FC93B4A1}.AppStore|Any CPU.ActiveCfg = Release|Any CPU
		{2EC5690D-9B6B-4CEE-8EDB-FF42FC93B4A1}.AppStore|Any CPU.Build.0 = Release|Any CPU
		{2EC5690D-9B6B-4CEE-8EDB-FF42FC93B4A1}.AppStore|Any CPU.Deploy.0 = Release|Any CPU
		{2EC5690D-9B6B-4CEE-8EDB-FF42FC93B4A1}.AppStore|iPhone.ActiveCfg = Release|Any CPU
		{2EC5690D-9B6B-4CEE-8EDB-FF42FC93B4A1}.AppStore|iPhone.Build.0 = Release|Any CPU
		{2EC5690D-9B6B-4CEE-8EDB-FF42FC93B4A1}.AppStore|iPhone.Deploy.0 = Release|Any CPU
		{2EC5690D-9B6B-4CEE-8EDB-FF42FC93B4A1}.AppStore|iPhoneSimulator.ActiveCfg = Release|Any CPU
		{2EC5690D-9B6B-4CEE-8EDB-FF42FC93B4A1}.AppStore|iPhoneSimulator.Build.0 = Release|Any CPU
		{2EC5690D-9B6B-4CEE-8EDB-FF42FC93B4A1}.AppStore|iPhoneSimulator.Deploy.0 = Release|Any CPU
		{2EC5690D-9B6B-4CEE-8EDB-FF42FC93B4A1}.Debug|Any CPU.ActiveCfg = Debug|Any CPU
		{2EC5690D-9B6B-4CEE-8EDB-FF42FC93B4A1}.Debug|Any CPU.Build.0 = Debug|Any CPU
		{2EC5690D-9B6B-4CEE-8EDB-FF42FC93B4A1}.Debug|Any CPU.Deploy.0 = Debug|Any CPU
		{2EC5690D-9B6B-4CEE-8EDB-FF42FC93B4A1}.Debug|iPhone.ActiveCfg = Debug|Any CPU
		{2EC5690D-9B6B-4CEE-8EDB-FF42FC93B4A1}.Debug|iPhone.Build.0 = Debug|Any CPU
		{2EC5690D-9B6B-4CEE-8EDB-FF42FC93B4A1}.Debug|iPhone.Deploy.0 = Debug|Any CPU
		{2EC5690D-9B6B-4CEE-8EDB-FF42FC93B4A1}.Debug|iPhoneSimulator.ActiveCfg = Debug|Any CPU
		{2EC5690D-9B6B-4CEE-8EDB-FF42FC93B4A1}.Debug|iPhoneSimulator.Build.0 = Debug|Any CPU
		{2EC5690D-9B6B-4CEE-8EDB-FF42FC93B4A1}.Debug|iPhoneSimulator.Deploy.0 = Debug|Any CPU
		{2EC5690D-9B6B-4CEE-8EDB-FF42FC93B4A1}.Release|Any CPU.ActiveCfg = Release|Any CPU
		{2EC5690D-9B6B-4CEE-8EDB-FF42FC93B4A1}.Release|Any CPU.Build.0 = Release|Any CPU
		{2EC5690D-9B6B-4CEE-8EDB-FF42FC93B4A1}.Release|Any CPU.Deploy.0 = Release|Any CPU
		{2EC5690D-9B6B-4CEE-8EDB-FF42FC93B4A1}.Release|iPhone.ActiveCfg = Release|Any CPU
		{2EC5690D-9B6B-4CEE-8EDB-FF42FC93B4A1}.Release|iPhone.Build.0 = Release|Any CPU
		{2EC5690D-9B6B-4CEE-8EDB-FF42FC93B4A1}.Release|iPhone.Deploy.0 = Release|Any CPU
		{2EC5690D-9B6B-4CEE-8EDB-FF42FC93B4A1}.Release|iPhoneSimulator.ActiveCfg = Release|Any CPU
		{2EC5690D-9B6B-4CEE-8EDB-FF42FC93B4A1}.Release|iPhoneSimulator.Build.0 = Release|Any CPU
		{2EC5690D-9B6B-4CEE-8EDB-FF42FC93B4A1}.Release|iPhoneSimulator.Deploy.0 = Release|Any CPU
		{F11785D5-E20A-4666-A942-61EACB74B548}.Ad-Hoc|Any CPU.ActiveCfg = Release|Any CPU
		{F11785D5-E20A-4666-A942-61EACB74B548}.Ad-Hoc|Any CPU.Build.0 = Release|Any CPU
		{F11785D5-E20A-4666-A942-61EACB74B548}.Ad-Hoc|iPhone.ActiveCfg = Release|Any CPU
		{F11785D5-E20A-4666-A942-61EACB74B548}.Ad-Hoc|iPhone.Build.0 = Release|Any CPU
		{F11785D5-E20A-4666-A942-61EACB74B548}.Ad-Hoc|iPhoneSimulator.ActiveCfg = Release|Any CPU
		{F11785D5-E20A-4666-A942-61EACB74B548}.Ad-Hoc|iPhoneSimulator.Build.0 = Release|Any CPU
		{F11785D5-E20A-4666-A942-61EACB74B548}.AppStore|Any CPU.ActiveCfg = Release|Any CPU
		{F11785D5-E20A-4666-A942-61EACB74B548}.AppStore|Any CPU.Build.0 = Release|Any CPU
		{F11785D5-E20A-4666-A942-61EACB74B548}.AppStore|iPhone.ActiveCfg = Release|Any CPU
		{F11785D5-E20A-4666-A942-61EACB74B548}.AppStore|iPhone.Build.0 = Release|Any CPU
		{F11785D5-E20A-4666-A942-61EACB74B548}.AppStore|iPhoneSimulator.ActiveCfg = Release|Any CPU
		{F11785D5-E20A-4666-A942-61EACB74B548}.AppStore|iPhoneSimulator.Build.0 = Release|Any CPU
		{F11785D5-E20A-4666-A942-61EACB74B548}.Debug|Any CPU.ActiveCfg = Debug|Any CPU
		{F11785D5-E20A-4666-A942-61EACB74B548}.Debug|Any CPU.Build.0 = Debug|Any CPU
		{F11785D5-E20A-4666-A942-61EACB74B548}.Debug|iPhone.ActiveCfg = Debug|Any CPU
		{F11785D5-E20A-4666-A942-61EACB74B548}.Debug|iPhone.Build.0 = Debug|Any CPU
		{F11785D5-E20A-4666-A942-61EACB74B548}.Debug|iPhoneSimulator.ActiveCfg = Debug|Any CPU
		{F11785D5-E20A-4666-A942-61EACB74B548}.Debug|iPhoneSimulator.Build.0 = Debug|Any CPU
		{F11785D5-E20A-4666-A942-61EACB74B548}.Release|Any CPU.ActiveCfg = Release|Any CPU
		{F11785D5-E20A-4666-A942-61EACB74B548}.Release|Any CPU.Build.0 = Release|Any CPU
		{F11785D5-E20A-4666-A942-61EACB74B548}.Release|iPhone.ActiveCfg = Release|Any CPU
		{F11785D5-E20A-4666-A942-61EACB74B548}.Release|iPhone.Build.0 = Release|Any CPU
		{F11785D5-E20A-4666-A942-61EACB74B548}.Release|iPhoneSimulator.ActiveCfg = Release|Any CPU
		{F11785D5-E20A-4666-A942-61EACB74B548}.Release|iPhoneSimulator.Build.0 = Release|Any CPU
		{054EB68A-88DF-4D2F-A433-59EB1E2F1DEF}.Ad-Hoc|Any CPU.ActiveCfg = Ad-Hoc|iPhone
		{054EB68A-88DF-4D2F-A433-59EB1E2F1DEF}.Ad-Hoc|iPhone.ActiveCfg = Ad-Hoc|iPhone
		{054EB68A-88DF-4D2F-A433-59EB1E2F1DEF}.Ad-Hoc|iPhone.Build.0 = Ad-Hoc|iPhone
		{054EB68A-88DF-4D2F-A433-59EB1E2F1DEF}.Ad-Hoc|iPhoneSimulator.ActiveCfg = Ad-Hoc|iPhoneSimulator
		{054EB68A-88DF-4D2F-A433-59EB1E2F1DEF}.Ad-Hoc|iPhoneSimulator.Build.0 = Ad-Hoc|iPhoneSimulator
		{054EB68A-88DF-4D2F-A433-59EB1E2F1DEF}.AppStore|Any CPU.ActiveCfg = AppStore|iPhone
		{054EB68A-88DF-4D2F-A433-59EB1E2F1DEF}.AppStore|iPhone.ActiveCfg = AppStore|iPhone
		{054EB68A-88DF-4D2F-A433-59EB1E2F1DEF}.AppStore|iPhone.Build.0 = AppStore|iPhone
		{054EB68A-88DF-4D2F-A433-59EB1E2F1DEF}.AppStore|iPhoneSimulator.ActiveCfg = AppStore|iPhoneSimulator
		{054EB68A-88DF-4D2F-A433-59EB1E2F1DEF}.AppStore|iPhoneSimulator.Build.0 = AppStore|iPhoneSimulator
		{054EB68A-88DF-4D2F-A433-59EB1E2F1DEF}.Debug|Any CPU.ActiveCfg = Debug|iPhone
		{054EB68A-88DF-4D2F-A433-59EB1E2F1DEF}.Debug|iPhone.ActiveCfg = Debug|iPhone
		{054EB68A-88DF-4D2F-A433-59EB1E2F1DEF}.Debug|iPhone.Build.0 = Debug|iPhone
		{054EB68A-88DF-4D2F-A433-59EB1E2F1DEF}.Debug|iPhoneSimulator.ActiveCfg = Debug|iPhoneSimulator
		{054EB68A-88DF-4D2F-A433-59EB1E2F1DEF}.Debug|iPhoneSimulator.Build.0 = Debug|iPhoneSimulator
		{054EB68A-88DF-4D2F-A433-59EB1E2F1DEF}.Release|Any CPU.ActiveCfg = Release|iPhone
		{054EB68A-88DF-4D2F-A433-59EB1E2F1DEF}.Release|iPhone.ActiveCfg = Release|iPhone
		{054EB68A-88DF-4D2F-A433-59EB1E2F1DEF}.Release|iPhone.Build.0 = Release|iPhone
		{054EB68A-88DF-4D2F-A433-59EB1E2F1DEF}.Release|iPhoneSimulator.ActiveCfg = Release|iPhoneSimulator
		{054EB68A-88DF-4D2F-A433-59EB1E2F1DEF}.Release|iPhoneSimulator.Build.0 = Release|iPhoneSimulator
		{1240574C-DBED-4C43-9500-B52E89B25D48}.Ad-Hoc|Any CPU.ActiveCfg = Release|Any CPU
		{1240574C-DBED-4C43-9500-B52E89B25D48}.Ad-Hoc|Any CPU.Build.0 = Release|Any CPU
		{1240574C-DBED-4C43-9500-B52E89B25D48}.Ad-Hoc|Any CPU.Deploy.0 = Release|Any CPU
		{1240574C-DBED-4C43-9500-B52E89B25D48}.Ad-Hoc|iPhone.ActiveCfg = Release|Any CPU
		{1240574C-DBED-4C43-9500-B52E89B25D48}.Ad-Hoc|iPhone.Build.0 = Release|Any CPU
		{1240574C-DBED-4C43-9500-B52E89B25D48}.Ad-Hoc|iPhone.Deploy.0 = Release|Any CPU
		{1240574C-DBED-4C43-9500-B52E89B25D48}.Ad-Hoc|iPhoneSimulator.ActiveCfg = Release|Any CPU
		{1240574C-DBED-4C43-9500-B52E89B25D48}.Ad-Hoc|iPhoneSimulator.Build.0 = Release|Any CPU
		{1240574C-DBED-4C43-9500-B52E89B25D48}.Ad-Hoc|iPhoneSimulator.Deploy.0 = Release|Any CPU
		{1240574C-DBED-4C43-9500-B52E89B25D48}.AppStore|Any CPU.ActiveCfg = Release|Any CPU
		{1240574C-DBED-4C43-9500-B52E89B25D48}.AppStore|Any CPU.Build.0 = Release|Any CPU
		{1240574C-DBED-4C43-9500-B52E89B25D48}.AppStore|Any CPU.Deploy.0 = Release|Any CPU
		{1240574C-DBED-4C43-9500-B52E89B25D48}.AppStore|iPhone.ActiveCfg = Release|Any CPU
		{1240574C-DBED-4C43-9500-B52E89B25D48}.AppStore|iPhone.Build.0 = Release|Any CPU
		{1240574C-DBED-4C43-9500-B52E89B25D48}.AppStore|iPhone.Deploy.0 = Release|Any CPU
		{1240574C-DBED-4C43-9500-B52E89B25D48}.AppStore|iPhoneSimulator.ActiveCfg = Release|Any CPU
		{1240574C-DBED-4C43-9500-B52E89B25D48}.AppStore|iPhoneSimulator.Build.0 = Release|Any CPU
		{1240574C-DBED-4C43-9500-B52E89B25D48}.AppStore|iPhoneSimulator.Deploy.0 = Release|Any CPU
		{1240574C-DBED-4C43-9500-B52E89B25D48}.Debug|Any CPU.ActiveCfg = Debug|Any CPU
		{1240574C-DBED-4C43-9500-B52E89B25D48}.Debug|Any CPU.Build.0 = Debug|Any CPU
		{1240574C-DBED-4C43-9500-B52E89B25D48}.Debug|Any CPU.Deploy.0 = Debug|Any CPU
		{1240574C-DBED-4C43-9500-B52E89B25D48}.Debug|iPhone.ActiveCfg = Debug|Any CPU
		{1240574C-DBED-4C43-9500-B52E89B25D48}.Debug|iPhone.Build.0 = Debug|Any CPU
		{1240574C-DBED-4C43-9500-B52E89B25D48}.Debug|iPhone.Deploy.0 = Debug|Any CPU
		{1240574C-DBED-4C43-9500-B52E89B25D48}.Debug|iPhoneSimulator.ActiveCfg = Debug|Any CPU
		{1240574C-DBED-4C43-9500-B52E89B25D48}.Debug|iPhoneSimulator.Build.0 = Debug|Any CPU
		{1240574C-DBED-4C43-9500-B52E89B25D48}.Debug|iPhoneSimulator.Deploy.0 = Debug|Any CPU
		{1240574C-DBED-4C43-9500-B52E89B25D48}.Release|Any CPU.ActiveCfg = Release|Any CPU
		{1240574C-DBED-4C43-9500-B52E89B25D48}.Release|Any CPU.Build.0 = Release|Any CPU
		{1240574C-DBED-4C43-9500-B52E89B25D48}.Release|Any CPU.Deploy.0 = Release|Any CPU
		{1240574C-DBED-4C43-9500-B52E89B25D48}.Release|iPhone.ActiveCfg = Release|Any CPU
		{1240574C-DBED-4C43-9500-B52E89B25D48}.Release|iPhone.Build.0 = Release|Any CPU
		{1240574C-DBED-4C43-9500-B52E89B25D48}.Release|iPhone.Deploy.0 = Release|Any CPU
		{1240574C-DBED-4C43-9500-B52E89B25D48}.Release|iPhoneSimulator.ActiveCfg = Release|Any CPU
		{1240574C-DBED-4C43-9500-B52E89B25D48}.Release|iPhoneSimulator.Build.0 = Release|Any CPU
		{1240574C-DBED-4C43-9500-B52E89B25D48}.Release|iPhoneSimulator.Deploy.0 = Release|Any CPU
	EndGlobalSection
	GlobalSection(SolutionProperties) = preSolution
		HideSolutionNode = FALSE
	EndGlobalSection
EndGlobal
